
Microsoft Visual Studio Solution File, Format Version 12.00
# Visual Studio 2013
VisualStudioVersion = 12.0.40629.0
MinimumVisualStudioVersion = 10.0.40219.1
Project("{FAE04EC0-301F-11D3-BF4B-00C04F79EFBC}") = "Model", "Model\Model.csproj", "{5BBCF242-C9AD-4971-8518-BD5892DA46AC}"
EndProject
Project("{FAE04EC0-301F-11D3-BF4B-00C04F79EFBC}") = "DAL", "DAL\DAL.csproj", "{ED8DC64C-9013-4B9A-B56A-395CCD8AEF03}"
EndProject
Project("{FAE04EC0-301F-11D3-BF4B-00C04F79EFBC}") = "BLL", "BLL\BLL.csproj", "{85FC93DD-A735-43A6-A575-C3336794D513}"
EndProject
Project("{FAE04EC0-301F-11D3-BF4B-00C04F79EFBC}") = "AdminRoku", "AdminRoku\AdminRoku.csproj", "{F059A765-EBC2-4B83-8BAE-5FDF042A5A57}"
EndProject
Project("{FAE04EC0-301F-11D3-BF4B-00C04F79EFBC}") = "ServicesWCF", "ServicesWCF\ServicesWCF.csproj", "{568A89E4-28D5-4992-B945-B43DD9A434CD}"
EndProject
Project("{00D1A9C2-B5F0-4AF3-8072-F6C62B433612}") = "DatabaseAdminRoku", "DatabaseAdminRoku\DatabaseAdminRoku.sqlproj", "{7F3995BA-FE6E-46EF-ACC6-31D2513CE0D8}"
EndProject
Global
	GlobalSection(SolutionConfigurationPlatforms) = preSolution
		Debug|Any CPU = Debug|Any CPU
		Release|Any CPU = Release|Any CPU
	EndGlobalSection
	GlobalSection(ProjectConfigurationPlatforms) = postSolution
		{5BBCF242-C9AD-4971-8518-BD5892DA46AC}.Debug|Any CPU.ActiveCfg = Debug|Any CPU
		{5BBCF242-C9AD-4971-8518-BD5892DA46AC}.Debug|Any CPU.Build.0 = Debug|Any CPU
		{5BBCF242-C9AD-4971-8518-BD5892DA46AC}.Release|Any CPU.ActiveCfg = Release|Any CPU
		{5BBCF242-C9AD-4971-8518-BD5892DA46AC}.Release|Any CPU.Build.0 = Release|Any CPU
		{ED8DC64C-9013-4B9A-B56A-395CCD8AEF03}.Debug|Any CPU.ActiveCfg = Debug|Any CPU
		{ED8DC64C-9013-4B9A-B56A-395CCD8AEF03}.Debug|Any CPU.Build.0 = Debug|Any CPU
		{ED8DC64C-9013-4B9A-B56A-395CCD8AEF03}.Release|Any CPU.ActiveCfg = Release|Any CPU
		{ED8DC64C-9013-4B9A-B56A-395CCD8AEF03}.Release|Any CPU.Build.0 = Release|Any CPU
		{85FC93DD-A735-43A6-A575-C3336794D513}.Debug|Any CPU.ActiveCfg = Debug|Any CPU
		{85FC93DD-A735-43A6-A575-C3336794D513}.Debug|Any CPU.Build.0 = Debug|Any CPU
		{85FC93DD-A735-43A6-A575-C3336794D513}.Release|Any CPU.ActiveCfg = Release|Any CPU
		{85FC93DD-A735-43A6-A575-C3336794D513}.Release|Any CPU.Build.0 = Release|Any CPU
		{F059A765-EBC2-4B83-8BAE-5FDF042A5A57}.Debug|Any CPU.ActiveCfg = Debug|Any CPU
		{F059A765-EBC2-4B83-8BAE-5FDF042A5A57}.Debug|Any CPU.Build.0 = Debug|Any CPU
		{F059A765-EBC2-4B83-8BAE-5FDF042A5A57}.Release|Any CPU.ActiveCfg = Release|Any CPU
		{F059A765-EBC2-4B83-8BAE-5FDF042A5A57}.Release|Any CPU.Build.0 = Release|Any CPU
		{568A89E4-28D5-4992-B945-B43DD9A434CD}.Debug|Any CPU.ActiveCfg = Debug|Any CPU
		{568A89E4-28D5-4992-B945-B43DD9A434CD}.Debug|Any CPU.Build.0 = Debug|Any CPU
		{568A89E4-28D5-4992-B945-B43DD9A434CD}.Release|Any CPU.ActiveCfg = Release|Any CPU
		{568A89E4-28D5-4992-B945-B43DD9A434CD}.Release|Any CPU.Build.0 = Release|Any CPU
		{7F3995BA-FE6E-46EF-ACC6-31D2513CE0D8}.Debug|Any CPU.ActiveCfg = Debug|Any CPU
		{7F3995BA-FE6E-46EF-ACC6-31D2513CE0D8}.Debug|Any CPU.Build.0 = Debug|Any CPU
		{7F3995BA-FE6E-46EF-ACC6-31D2513CE0D8}.Debug|Any CPU.Deploy.0 = Debug|Any CPU
		{7F3995BA-FE6E-46EF-ACC6-31D2513CE0D8}.Release|Any CPU.ActiveCfg = Release|Any CPU
		{7F3995BA-FE6E-46EF-ACC6-31D2513CE0D8}.Release|Any CPU.Build.0 = Release|Any CPU
		{7F3995BA-FE6E-46EF-ACC6-31D2513CE0D8}.Release|Any CPU.Deploy.0 = Release|Any CPU
	EndGlobalSection
	GlobalSection(SolutionProperties) = preSolution
		HideSolutionNode = FALSE
	EndGlobalSection
EndGlobal
